
Microsoft Visual Studio Solution File, Format Version 12.00
# Visual Studio Version 17
VisualStudioVersion = 17.0.31903.59
MinimumVisualStudioVersion = 10.0.40219.1
Project("{FAE04EC0-301F-11D3-BF4B-00C04F79EFBC}") = "JavaHateTests", "JavaHateTests\JavaHateTests.csproj", "{DC44EE78-E6DE-467C-80F3-9719E1810045}"
EndProject
Project("{FAE04EC0-301F-11D3-BF4B-00C04F79EFBC}") = "JavaHateBE", "JavaHateBE\JavaHateBE.csproj", "{51C05954-F1D1-4DBD-B021-DB73E14164E5}"
EndProject
Global
	GlobalSection(SolutionConfigurationPlatforms) = preSolution
		Debug|Any CPU = Debug|Any CPU
		Release|Any CPU = Release|Any CPU
	EndGlobalSection
	GlobalSection(SolutionProperties) = preSolution
		HideSolutionNode = FALSE
	EndGlobalSection
	GlobalSection(ProjectConfigurationPlatforms) = postSolution
		{2F3A576E-3832-48DA-B1DC-52B1EDD024CC}.Debug|Any CPU.ActiveCfg = Debug|Any CPU
		{2F3A576E-3832-48DA-B1DC-52B1EDD024CC}.Debug|Any CPU.Build.0 = Debug|Any CPU
		{2F3A576E-3832-48DA-B1DC-52B1EDD024CC}.Release|Any CPU.ActiveCfg = Release|Any CPU
		{2F3A576E-3832-48DA-B1DC-52B1EDD024CC}.Release|Any CPU.Build.0 = Release|Any CPU
		{DC44EE78-E6DE-467C-80F3-9719E1810045}.Debug|Any CPU.ActiveCfg = Debug|Any CPU
		{DC44EE78-E6DE-467C-80F3-9719E1810045}.Debug|Any CPU.Build.0 = Debug|Any CPU
		{DC44EE78-E6DE-467C-80F3-9719E1810045}.Release|Any CPU.ActiveCfg = Release|Any CPU
		{DC44EE78-E6DE-467C-80F3-9719E1810045}.Release|Any CPU.Build.0 = Release|Any CPU
		{51C05954-F1D1-4DBD-B021-DB73E14164E5}.Debug|Any CPU.ActiveCfg = Debug|Any CPU
		{51C05954-F1D1-4DBD-B021-DB73E14164E5}.Debug|Any CPU.Build.0 = Debug|Any CPU
		{51C05954-F1D1-4DBD-B021-DB73E14164E5}.Release|Any CPU.ActiveCfg = Release|Any CPU
		{51C05954-F1D1-4DBD-B021-DB73E14164E5}.Release|Any CPU.Build.0 = Release|Any CPU
	EndGlobalSection
EndGlobal
