
Microsoft Visual Studio Solution File, Format Version 12.00
# Visual Studio Version 17
VisualStudioVersion = 17.5.002.0
MinimumVisualStudioVersion = 10.0.40219.1
Project("{9A19103F-16F7-4668-BE54-9A1E7A4F7556}") = "JavaHateBE", "JavaHateBE.csproj", "{38936295-76F9-4677-9F05-4C0DC0FCAF89}"
EndProject
Global
	GlobalSection(SolutionConfigurationPlatforms) = preSolution
		Debug|Any CPU = Debug|Any CPU
		Release|Any CPU = Release|Any CPU
	EndGlobalSection
	GlobalSection(ProjectConfigurationPlatforms) = postSolution
		{38936295-76F9-4677-9F05-4C0DC0FCAF89}.Debug|Any CPU.ActiveCfg = Debug|Any CPU
		{38936295-76F9-4677-9F05-4C0DC0FCAF89}.Debug|Any CPU.Build.0 = Debug|Any CPU
		{38936295-76F9-4677-9F05-4C0DC0FCAF89}.Release|Any CPU.ActiveCfg = Release|Any CPU
		{38936295-76F9-4677-9F05-4C0DC0FCAF89}.Release|Any CPU.Build.0 = Release|Any CPU
	EndGlobalSection
	GlobalSection(SolutionProperties) = preSolution
		HideSolutionNode = FALSE
	EndGlobalSection
	GlobalSection(ExtensibilityGlobals) = postSolution
		SolutionGuid = {446CC36D-E206-4233-B27B-FB38E4A3C06F}
	EndGlobalSection
EndGlobal
